
Microsoft Visual Studio Solution File, Format Version 12.00
# Visual Studio Version 16
VisualStudioVersion = 16.0.29411.108
MinimumVisualStudioVersion = 10.0.40219.1
Project("{9A19103F-16F7-4668-BE54-9A1E7A4F7556}") = "AvitoHelper", "AvitoHelper\AvitoHelper.csproj", "{B91798C7-EE61-4228-9DD1-B0BD66408D63}"
EndProject
Project("{9A19103F-16F7-4668-BE54-9A1E7A4F7556}") = "Tests", "Tests\Tests.csproj", "{AE9D4A9D-8D04-43A9-A711-9F80619707E6}"
EndProject
Project("{E53339B2-1760-4266-BCC7-CA923CBCF16C}") = "docker-compose", "docker-compose.dcproj", "{74D38752-E319-4E30-9765-C83087133FF5}"
EndProject
Global
	GlobalSection(SolutionConfigurationPlatforms) = preSolution
		Debug|Any CPU = Debug|Any CPU
		Release|Any CPU = Release|Any CPU
	EndGlobalSection
	GlobalSection(ProjectConfigurationPlatforms) = postSolution
		{B91798C7-EE61-4228-9DD1-B0BD66408D63}.Debug|Any CPU.ActiveCfg = Debug|Any CPU
		{B91798C7-EE61-4228-9DD1-B0BD66408D63}.Debug|Any CPU.Build.0 = Debug|Any CPU
		{B91798C7-EE61-4228-9DD1-B0BD66408D63}.Release|Any CPU.ActiveCfg = Release|Any CPU
		{B91798C7-EE61-4228-9DD1-B0BD66408D63}.Release|Any CPU.Build.0 = Release|Any CPU
		{AE9D4A9D-8D04-43A9-A711-9F80619707E6}.Debug|Any CPU.ActiveCfg = Debug|Any CPU
		{AE9D4A9D-8D04-43A9-A711-9F80619707E6}.Debug|Any CPU.Build.0 = Debug|Any CPU
		{AE9D4A9D-8D04-43A9-A711-9F80619707E6}.Release|Any CPU.ActiveCfg = Release|Any CPU
		{AE9D4A9D-8D04-43A9-A711-9F80619707E6}.Release|Any CPU.Build.0 = Release|Any CPU
		{74D38752-E319-4E30-9765-C83087133FF5}.Debug|Any CPU.ActiveCfg = Debug|Any CPU
		{74D38752-E319-4E30-9765-C83087133FF5}.Debug|Any CPU.Build.0 = Debug|Any CPU
		{74D38752-E319-4E30-9765-C83087133FF5}.Release|Any CPU.ActiveCfg = Release|Any CPU
		{74D38752-E319-4E30-9765-C83087133FF5}.Release|Any CPU.Build.0 = Release|Any CPU
	EndGlobalSection
	GlobalSection(SolutionProperties) = preSolution
		HideSolutionNode = FALSE
	EndGlobalSection
	GlobalSection(ExtensibilityGlobals) = postSolution
		SolutionGuid = {511E8C7C-89BC-471C-9B9F-C30DDFBC79CD}
	EndGlobalSection
EndGlobal
